<?xml version="1.0" encoding="utf-8"?>
<Project ToolsVersion="4.0" xmlns="http://schemas.microsoft.com/developer/msbuild/2003">
  <ItemGroup>
    <Filter Include="sol">
      <UniqueIdentifier>{4679964f-2246-4afd-98a5-c74235553fa9}</UniqueIdentifier>
    </Filter>
    <Filter Include="tests">
      <UniqueIdentifier>{65e5d818-dab2-46cc-b0e1-6d470a60eab0}</UniqueIdentifier>
    </Filter>
    <Filter Include="sol\compatibility">
      <UniqueIdentifier>{fe37d4a3-b251-42ba-a686-21135588a48e}</UniqueIdentifier>
    </Filter>
  </ItemGroup>
  <ItemGroup>
    <ClInclude Include="sol\as_args.hpp">
      <Filter>sol</Filter>
    </ClInclude>
    <ClInclude Include="sol\as_returns.hpp">
      <Filter>sol</Filter>
    </ClInclude>
    <ClInclude Include="sol\bind_traits.hpp">
      <Filter>sol</Filter>
    </ClInclude>
    <ClInclude Include="sol\call.hpp">
      <Filter>sol</Filter>
    </ClInclude>
    <ClInclude Include="sol\compatibility.hpp">
      <Filter>sol</Filter>
    </ClInclude>
    <ClInclude Include="sol\config.hpp">
      <Filter>sol</Filter>
    </ClInclude>
    <ClInclude Include="sol\config_setup.hpp">
      <Filter>sol</Filter>
    </ClInclude>
    <ClInclude Include="sol\container_traits.hpp">
      <Filter>sol</Filter>
    </ClInclude>
    <ClInclude Include="sol\container_usertype_metatable.hpp">
      <Filter>sol</Filter>
    </ClInclude>
    <ClInclude Include="sol\coroutine.hpp">
      <Filter>sol</Filter>
    </ClInclude>
    <ClInclude Include="sol\debug.hpp">
      <Filter>sol</Filter>
    </ClInclude>
    <ClInclude Include="sol\demangle.hpp">
      <Filter>sol</Filter>
    </ClInclude>
    <ClInclude Include="sol\deprecate.hpp">
      <Filter>sol</Filter>
    </ClInclude>
    <ClInclude Include="sol\environment.hpp">
      <Filter>sol</Filter>
    </ClInclude>
    <ClInclude Include="sol\error.hpp">
      <Filter>sol</Filter>
    </ClInclude>
    <ClInclude Include="sol\error_handler.hpp">
      <Filter>sol</Filter>
    </ClInclude>
    <ClInclude Include="sol\experimental_usertype.hpp">
      <Filter>sol</Filter>
    </ClInclude>
    <ClInclude Include="sol\feature_test.hpp">
      <Filter>sol</Filter>
    </ClInclude>
    <ClInclude Include="sol\filters.hpp">
      <Filter>sol</Filter>
    </ClInclude>
    <ClInclude Include="sol\forward.hpp">
      <Filter>sol</Filter>
    </ClInclude>
    <ClInclude Include="sol\forward_detail.hpp">
      <Filter>sol</Filter>
    </ClInclude>
    <ClInclude Include="sol\function.hpp">
      <Filter>sol</Filter>
    </ClInclude>
    <ClInclude Include="sol\function_result.hpp">
      <Filter>sol</Filter>
    </ClInclude>
    <ClInclude Include="sol\function_types.hpp">
      <Filter>sol</Filter>
    </ClInclude>
    <ClInclude Include="sol\function_types_core.hpp">
      <Filter>sol</Filter>
    </ClInclude>
    <ClInclude Include="sol\function_types_overloaded.hpp">
      <Filter>sol</Filter>
    </ClInclude>
    <ClInclude Include="sol\function_types_stateful.hpp">
      <Filter>sol</Filter>
    </ClInclude>
    <ClInclude Include="sol\function_types_stateless.hpp">
      <Filter>sol</Filter>
    </ClInclude>
    <ClInclude Include="sol\function_types_templated.hpp">
      <Filter>sol</Filter>
    </ClInclude>
    <ClInclude Include="sol\in_place.hpp">
      <Filter>sol</Filter>
    </ClInclude>
    <ClInclude Include="sol\inheritance.hpp">
      <Filter>sol</Filter>
    </ClInclude>
    <ClInclude Include="sol\load_result.hpp">
      <Filter>sol</Filter>
    </ClInclude>
    <ClInclude Include="sol\object.hpp">
      <Filter>sol</Filter>
    </ClInclude>
    <ClInclude Include="sol\object_base.hpp">
      <Filter>sol</Filter>
    </ClInclude>
    <ClInclude Include="sol\optional.hpp">
      <Filter>sol</Filter>
    </ClInclude>
    <ClInclude Include="sol\optional_implementation.hpp">
      <Filter>sol</Filter>
    </ClInclude>
    <ClInclude Include="sol\overload.hpp">
      <Filter>sol</Filter>
    </ClInclude>
    <ClInclude Include="sol\property.hpp">
      <Filter>sol</Filter>
    </ClInclude>
    <ClInclude Include="sol\protect.hpp">
      <Filter>sol</Filter>
    </ClInclude>
    <ClInclude Include="sol\protected_function.hpp">
      <Filter>sol</Filter>
    </ClInclude>
    <ClInclude Include="sol\protected_function_result.hpp">
      <Filter>sol</Filter>
    </ClInclude>
    <ClInclude Include="sol\protected_handler.hpp">
      <Filter>sol</Filter>
    </ClInclude>
    <ClInclude Include="sol\proxy.hpp">
      <Filter>sol</Filter>
    </ClInclude>
    <ClInclude Include="sol\proxy_base.hpp">
      <Filter>sol</Filter>
    </ClInclude>
    <ClInclude Include="sol\raii.hpp">
      <Filter>sol</Filter>
    </ClInclude>
    <ClInclude Include="sol\reference.hpp">
      <Filter>sol</Filter>
    </ClInclude>
    <ClInclude Include="sol\resolve.hpp">
      <Filter>sol</Filter>
    </ClInclude>
    <ClInclude Include="sol\simple_usertype_metatable.hpp">
      <Filter>sol</Filter>
    </ClInclude>
    <ClInclude Include="sol\stack.hpp">
      <Filter>sol</Filter>
    </ClInclude>
    <ClInclude Include="sol\stack_check.hpp">
      <Filter>sol</Filter>
    </ClInclude>
    <ClInclude Include="sol\stack_check_get.hpp">
      <Filter>sol</Filter>
    </ClInclude>
    <ClInclude Include="sol\stack_check_get_qualified.hpp">
      <Filter>sol</Filter>
    </ClInclude>
    <ClInclude Include="sol\stack_check_get_unqualified.hpp">
      <Filter>sol</Filter>
    </ClInclude>
    <ClInclude Include="sol\stack_check_qualified.hpp">
      <Filter>sol</Filter>
    </ClInclude>
    <ClInclude Include="sol\stack_check_unqualified.hpp">
      <Filter>sol</Filter>
    </ClInclude>
    <ClInclude Include="sol\stack_core.hpp">
      <Filter>sol</Filter>
    </ClInclude>
    <ClInclude Include="sol\stack_field.hpp">
      <Filter>sol</Filter>
    </ClInclude>
    <ClInclude Include="sol\stack_get.hpp">
      <Filter>sol</Filter>
    </ClInclude>
    <ClInclude Include="sol\stack_get_qualified.hpp">
      <Filter>sol</Filter>
    </ClInclude>
    <ClInclude Include="sol\stack_get_unqualified.hpp">
      <Filter>sol</Filter>
    </ClInclude>
    <ClInclude Include="sol\stack_guard.hpp">
      <Filter>sol</Filter>
    </ClInclude>
    <ClInclude Include="sol\stack_iterator.hpp">
      <Filter>sol</Filter>
    </ClInclude>
    <ClInclude Include="sol\stack_pop.hpp">
      <Filter>sol</Filter>
    </ClInclude>
    <ClInclude Include="sol\stack_probe.hpp">
      <Filter>sol</Filter>
    </ClInclude>
    <ClInclude Include="sol\stack_proxy.hpp">
      <Filter>sol</Filter>
    </ClInclude>
    <ClInclude Include="sol\stack_proxy_base.hpp">
      <Filter>sol</Filter>
    </ClInclude>
    <ClInclude Include="sol\stack_push.hpp">
      <Filter>sol</Filter>
    </ClInclude>
    <ClInclude Include="sol\stack_reference.hpp">
      <Filter>sol</Filter>
    </ClInclude>
    <ClInclude Include="sol\state.hpp">
      <Filter>sol</Filter>
    </ClInclude>
    <ClInclude Include="sol\state_handling.hpp">
      <Filter>sol</Filter>
    </ClInclude>
    <ClInclude Include="sol\state_view.hpp">
      <Filter>sol</Filter>
    </ClInclude>
    <ClInclude Include="sol\string_view.hpp">
      <Filter>sol</Filter>
    </ClInclude>
    <ClInclude Include="sol\table.hpp">
      <Filter>sol</Filter>
    </ClInclude>
    <ClInclude Include="sol\table_core.hpp">
      <Filter>sol</Filter>
    </ClInclude>
    <ClInclude Include="sol\table_iterator.hpp">
      <Filter>sol</Filter>
    </ClInclude>
    <ClInclude Include="sol\thread.hpp">
      <Filter>sol</Filter>
    </ClInclude>
    <ClInclude Include="sol\tie.hpp">
      <Filter>sol</Filter>
    </ClInclude>
    <ClInclude Include="sol\traits.hpp">
      <Filter>sol</Filter>
    </ClInclude>
    <ClInclude Include="sol\trampoline.hpp">
      <Filter>sol</Filter>
    </ClInclude>
    <ClInclude Include="sol\tuple.hpp">
      <Filter>sol</Filter>
    </ClInclude>
    <ClInclude Include="sol\types.hpp">
      <Filter>sol</Filter>
    </ClInclude>
    <ClInclude Include="sol\unicode.hpp">
      <Filter>sol</Filter>
    </ClInclude>
    <ClInclude Include="sol\unsafe_function.hpp">
      <Filter>sol</Filter>
    </ClInclude>
    <ClInclude Include="sol\unsafe_function_result.hpp">
      <Filter>sol</Filter>
    </ClInclude>
    <ClInclude Include="sol\userdata.hpp">
      <Filter>sol</Filter>
    </ClInclude>
    <ClInclude Include="sol\usertype.hpp">
      <Filter>sol</Filter>
    </ClInclude>
    <ClInclude Include="sol\usertype_core.hpp">
      <Filter>sol</Filter>
    </ClInclude>
    <ClInclude Include="sol\usertype_metatable.hpp">
      <Filter>sol</Filter>
    </ClInclude>
    <ClInclude Include="sol\usertype_traits.hpp">
      <Filter>sol</Filter>
    </ClInclude>
    <ClInclude Include="sol\variadic_args.hpp">
      <Filter>sol</Filter>
    </ClInclude>
    <ClInclude Include="sol\variadic_results.hpp">
      <Filter>sol</Filter>
    </ClInclude>
    <ClInclude Include="sol\wrapper.hpp">
      <Filter>sol</Filter>
    </ClInclude>
    <ClInclude Include="sol\compatibility\version.hpp">
      <Filter>sol\compatibility</Filter>
    </ClInclude>
    <ClInclude Include="tests\test_sol.hpp">
      <Filter>tests</Filter>
    </ClInclude>
  </ItemGroup>
  <ItemGroup>
    <ClCompile Include="tests\test_abort_clean.cpp">
      <Filter>tests</Filter>
    </ClCompile>
    <ClCompile Include="tests\test_container_semantics.cpp">
      <Filter>tests</Filter>
    </ClCompile>
    <ClCompile Include="tests\test_containers.cpp">
      <Filter>tests</Filter>
    </ClCompile>
    <ClCompile Include="tests\test_coroutines.cpp">
      <Filter>tests</Filter>
    </ClCompile>
    <ClCompile Include="tests\test_customizations.cpp">
      <Filter>tests</Filter>
    </ClCompile>
    <ClCompile Include="tests\test_environments.cpp">
      <Filter>tests</Filter>
    </ClCompile>
    <ClCompile Include="tests\test_filters.cpp">
      <Filter>tests</Filter>
    </ClCompile>
    <ClCompile Include="tests\test_functions.cpp">
      <Filter>tests</Filter>
    </ClCompile>
    <ClCompile Include="tests\test_gc.cpp">
      <Filter>tests</Filter>
    </ClCompile>
    <ClCompile Include="tests\test_inheritance.cpp">
      <Filter>tests</Filter>
    </ClCompile>
    <ClCompile Include="tests\test_large_integer.cpp">
      <Filter>tests</Filter>
    </ClCompile>
    <ClCompile Include="tests\test_operators.cpp">
      <Filter>tests</Filter>
    </ClCompile>
    <ClCompile Include="tests\test_overflow.cpp">
      <Filter>tests</Filter>
    </ClCompile>
    <ClCompile Include="tests\test_plain_types.cpp">
      <Filter>tests</Filter>
    </ClCompile>
    <ClCompile Include="tests\test_proxies.cpp">
      <Filter>tests</Filter>
    </ClCompile>
    <ClCompile Include="tests\test_simple_usertypes.cpp">
      <Filter>tests</Filter>
    </ClCompile>
    <ClCompile Include="tests\test_state.cpp">
      <Filter>tests</Filter>
    </ClCompile>
    <ClCompile Include="tests\test_storage.cpp">
      <Filter>tests</Filter>
    </ClCompile>
    <ClCompile Include="tests\test_strings.cpp">
      <Filter>tests</Filter>
    </ClCompile>
    <ClCompile Include="tests\test_tables.cpp">
      <Filter>tests</Filter>
    </ClCompile>
    <ClCompile Include="tests\test_usertypes.cpp">
      <Filter>tests</Filter>
    </ClCompile>
    <ClCompile Include="tests\test_utility.cpp">
      <Filter>tests</Filter>
    </ClCompile>
    <ClCompile Include="tests\test_variadics.cpp">
      <Filter>tests</Filter>
    </ClCompile>
    <ClCompile Include="tests\tests.cpp">
      <Filter>tests</Filter>
    </ClCompile>
    <ClCompile Include="tests\tests_main.cpp">
      <Filter>tests</Filter>
    </ClCompile>
  </ItemGroup>
</Project>